
Microsoft Visual Studio Solution File, Format Version 12.00
# Visual Studio Version 17
VisualStudioVersion = 17.0.31903.59
MinimumVisualStudioVersion = 10.0.40219.1
Project("{2150E333-8FDC-42A3-9474-1A3956D46DE8}") = "src", "src", "{02348A36-BEFC-418D-ABBD-8ED2A7F8CD29}"
EndProject
Project("{FAE04EC0-301F-11D3-BF4B-00C04F79EFBC}") = "AuctionService", "src\AuctionService\AuctionService.csproj", "{F924AD97-9207-4C7C-8ECC-41A43EF4AD7F}"
EndProject
Project("{FAE04EC0-301F-11D3-BF4B-00C04F79EFBC}") = "SearchService", "src\SearchService\SearchService.csproj", "{14589F7A-1D10-4C15-9B72-1FD89A48563A}"
EndProject
Global
	GlobalSection(SolutionConfigurationPlatforms) = preSolution
		Debug|Any CPU = Debug|Any CPU
		Release|Any CPU = Release|Any CPU
	EndGlobalSection
	GlobalSection(SolutionProperties) = preSolution
		HideSolutionNode = FALSE
	EndGlobalSection
	GlobalSection(ProjectConfigurationPlatforms) = postSolution
		{F924AD97-9207-4C7C-8ECC-41A43EF4AD7F}.Debug|Any CPU.ActiveCfg = Debug|Any CPU
		{F924AD97-9207-4C7C-8ECC-41A43EF4AD7F}.Debug|Any CPU.Build.0 = Debug|Any CPU
		{F924AD97-9207-4C7C-8ECC-41A43EF4AD7F}.Release|Any CPU.ActiveCfg = Release|Any CPU
		{F924AD97-9207-4C7C-8ECC-41A43EF4AD7F}.Release|Any CPU.Build.0 = Release|Any CPU
		{14589F7A-1D10-4C15-9B72-1FD89A48563A}.Debug|Any CPU.ActiveCfg = Debug|Any CPU
		{14589F7A-1D10-4C15-9B72-1FD89A48563A}.Debug|Any CPU.Build.0 = Debug|Any CPU
		{14589F7A-1D10-4C15-9B72-1FD89A48563A}.Release|Any CPU.ActiveCfg = Release|Any CPU
		{14589F7A-1D10-4C15-9B72-1FD89A48563A}.Release|Any CPU.Build.0 = Release|Any CPU
	EndGlobalSection
	GlobalSection(NestedProjects) = preSolution
		{F924AD97-9207-4C7C-8ECC-41A43EF4AD7F} = {02348A36-BEFC-418D-ABBD-8ED2A7F8CD29}
		{14589F7A-1D10-4C15-9B72-1FD89A48563A} = {02348A36-BEFC-418D-ABBD-8ED2A7F8CD29}
	EndGlobalSection
EndGlobal
